
Microsoft Visual Studio Solution File, Format Version 12.00
# Visual Studio Version 17
VisualStudioVersion = 17.2.32519.379
MinimumVisualStudioVersion = 10.0.40219.1
Project("{FAE04EC0-301F-11D3-BF4B-00C04F79EFBC}") = "TechItems", "TechItems.csproj", "{844695A9-DAC7-4944-BBD3-259F98F4337D}"
EndProject
Global
	GlobalSection(SolutionConfigurationPlatforms) = preSolution
		Debug|Any CPU = Debug|Any CPU
		Release|Any CPU = Release|Any CPU
	EndGlobalSection
	GlobalSection(ProjectConfigurationPlatforms) = postSolution
		{844695A9-DAC7-4944-BBD3-259F98F4337D}.Debug|Any CPU.ActiveCfg = Debug|Any CPU
		{844695A9-DAC7-4944-BBD3-259F98F4337D}.Debug|Any CPU.Build.0 = Debug|Any CPU
		{844695A9-DAC7-4944-BBD3-259F98F4337D}.Release|Any CPU.ActiveCfg = Release|Any CPU
		{844695A9-DAC7-4944-BBD3-259F98F4337D}.Release|Any CPU.Build.0 = Release|Any CPU
	EndGlobalSection
	GlobalSection(SolutionProperties) = preSolution
		HideSolutionNode = FALSE
	EndGlobalSection
	GlobalSection(ExtensibilityGlobals) = postSolution
		SolutionGuid = {3DF50EFD-D986-4474-B5DE-E11E4A4D0076}
	EndGlobalSection
EndGlobal
